// !$*UTF8*$!
{
	archiveVersion = 1;
	classes = {
	};
	objectVersion = 46;
	objects = {

/* Begin PBXBuildFile section */
		A4AC469715655A15003A68F1 /* main.cpp in Sources */ = {isa = PBXBuildFile; fileRef = A4AC469615655A15003A68F1 /* main.cpp */; };
		A4AC469915655A15003A68F1 /* TestProj1.1 in CopyFiles */ = {isa = PBXBuildFile; fileRef = A4AC469815655A15003A68F1 /* TestProj1.1 */; };
/* End PBXBuildFile section */

/* Begin PBXCopyFilesBuildPhase section */
		A4AC469015655A14003A68F1 /* CopyFiles */ = {
			isa = PBXCopyFilesBuildPhase;
			buildActionMask = 2147483647;
			dstPath = /usr/share/man/man1/;
			dstSubfolderSpec = 0;
			files = (
				A4AC469915655A15003A68F1 /* TestProj1.1 in CopyFiles */,
			);
			runOnlyForDeploymentPostprocessing = 1;
		};
/* End PBXCopyFilesBuildPhase section */

/* Begin PBXFileReference section */
		A4AC469215655A14003A68F1 /* TestProj1 */ = {isa = PBXFileReference; explicitFileType = "compiled.mach-o.executable"; includeInIndex = 0; path = TestProj1; sourceTree = BUILT_PRODUCTS_DIR; };
		A4AC469615655A15003A68F1 /* main.cpp */ = {isa = PBXFileReference; lastKnownFileType = sourcecode.cpp.cpp; path = main.cpp; sourceTree = "<group>"; };
		A4AC469815655A15003A68F1 /* TestProj1.1 */ = {isa = PBXFileReference; lastKnownFileType = text.man; path = TestProj1.1; sourceTree = "<group>"; };
/* End PBXFileReference section */

/* Begin PBXFrameworksBuildPhase section */
		A4AC468F15655A14003A68F1 /* Frameworks */ = {
			isa = PBXFrameworksBuildPhase;
			buildActionMask = 2147483647;
			files = (
			);
			runOnlyForDeploymentPostprocessing = 0;
		};
/* End PBXFrameworksBuildPhase section */

/* Begin PBXGroup section */
		A4AC468715655A14003A68F1 = {
			isa = PBXGroup;
			children = (
				A4AC469515655A14003A68F1 /* TestProj1 */,
				A4AC469315655A14003A68F1 /* Products */,
			);
			sourceTree = "<group>";
		};
		A4AC469315655A14003A68F1 /* Products */ = {
			isa = PBXGroup;
			children = (
				A4AC469215655A14003A68F1 /* TestProj1 */,
			);
			name = Products;
			sourceTree = "<group>";
		};
		A4AC469515655A14003A68F1 /* TestProj1 */ = {
			isa = PBXGroup;
			children = (
				A4AC469615655A15003A68F1 /* main.cpp */,
				A4AC469815655A15003A68F1 /* TestProj1.1 */,
			);
			path = TestProj1;
			sourceTree = "<group>";
		};
/* End PBXGroup section */

/* Begin PBXNativeTarget section */
		A4AC469115655A14003A68F1 /* TestProj1 */ = {
			isa = PBXNativeTarget;
			buildConfigurationList = A4AC469C15655A15003A68F1 /* Build configuration list for PBXNativeTarget "TestProj1" */;
			buildPhases = (
				A4AC468E15655A14003A68F1 /* Sources */,
				A4AC468F15655A14003A68F1 /* Frameworks */,
				A4AC469015655A14003A68F1 /* CopyFiles */,
			);
			buildRules = (
			);
			dependencies = (
			);
			name = TestProj1;
			productName = TestProj1;
			productReference = A4AC469215655A14003A68F1 /* TestProj1 */;
			productType = "com.apple.product-type.tool";
		};
/* End PBXNativeTarget section */

/* Begin PBXProject section */
		A4AC468915655A14003A68F1 /* Project object */ = {
			isa = PBXProject;
			attributes = {
				LastUpgradeCheck = 0420;
			};
			buildConfigurationList = A4AC468C15655A14003A68F1 /* Build configuration list for PBXProject "TestProj1" */;
			compatibilityVersion = "Xcode 3.2";
			developmentRegion = English;
			hasScannedForEncodings = 0;
			knownRegions = (
				en,
			);
			mainGroup = A4AC468715655A14003A68F1;
			productRefGroup = A4AC469315655A14003A68F1 /* Products */;
			projectDirPath = "";
			projectRoot = "";
			targets = (
				A4AC469115655A14003A68F1 /* TestProj1 */,
			);
		};
/* End PBXProject section */

/* Begin PBXSourcesBuildPhase section */
		A4AC468E15655A14003A68F1 /* Sources */ = {
			isa = PBXSourcesBuildPhase;
			buildActionMask = 2147483647;
			files = (
				A4AC469715655A15003A68F1 /* main.cpp in Sources */,
			);
			runOnlyForDeploymentPostprocessing = 0;
		};
/* End PBXSourcesBuildPhase section */

/* Begin XCBuildConfiguration section */
		A4AC469A15655A15003A68F1 /* Debug */ = {
			isa = XCBuildConfiguration;
			buildSettings = {
				ALWAYS_SEARCH_USER_PATHS = NO;
				ARCHS = "$(ARCHS_STANDARD_64_BIT)";
				COPY_PHASE_STRIP = NO;
				GCC_C_LANGUAGE_STANDARD = gnu99;
				GCC_DYNAMIC_NO_PIC = NO;
				GCC_ENABLE_OBJC_EXCEPTIONS = YES;
				GCC_OPTIMIZATION_LEVEL = 0;
				GCC_PREPROCESSOR_DEFINITIONS = (
					"DEBUG=1",
					"$(inherited)",
				);
				GCC_SYMBOLS_PRIVATE_EXTERN = NO;
				GCC_VERSION = com.apple.compilers.llvm.clang.1_0;
				GCC_WARN_64_TO_32_BIT_CONVERSION = YES;
				GCC_WARN_ABOUT_MISSING_PROTOTYPES = YES;
				GCC_WARN_ABOUT_RETURN_TYPE = YES;
				GCC_WARN_UNUSED_VARIABLE = YES;
				MACOSX_DEPLOYMENT_TARGET = 10.6;
				ONLY_ACTIVE_ARCH = YES;
				SDKROOT = macosx;
			};
			name = Debug;
		};
		A4AC469B15655A15003A68F1 /* Release */ = {
			isa = XCBuildConfiguration;
			buildSettings = {
				ALWAYS_SEARCH_USER_PATHS = NO;
				ARCHS = "$(ARCHS_STANDARD_64_BIT)";
				COPY_PHASE_STRIP = YES;
				DEBUG_INFORMATION_FORMAT = "dwarf-with-dsym";
				GCC_C_LANGUAGE_STANDARD = gnu99;
				GCC_ENABLE_OBJC_EXCEPTIONS = YES;
				GCC_VERSION = com.apple.compilers.llvm.clang.1_0;
				GCC_WARN_64_TO_32_BIT_CONVERSION = YES;
				GCC_WARN_ABOUT_MISSING_PROTOTYPES = YES;
				GCC_WARN_ABOUT_RETURN_TYPE = YES;
				GCC_WARN_UNUSED_VARIABLE = YES;
				MACOSX_DEPLOYMENT_TARGET = 10.6;
				SDKROOT = macosx;
			};
			name = Release;
		};
		A4AC469D15655A15003A68F1 /* Debug */ = {
			isa = XCBuildConfiguration;
			buildSettings = {
				PRODUCT_NAME = "$(TARGET_NAME)";
			};
			name = Debug;
		};
		A4AC469E15655A15003A68F1 /* Release */ = {
			isa = XCBuildConfiguration;
			buildSettings = {
				PRODUCT_NAME = "$(TARGET_NAME)";
			};
			name = Release;
		};
/* End XCBuildConfiguration section */

/* Begin XCConfigurationList section */
		A4AC468C15655A14003A68F1 /* Build configuration list for PBXProject "TestProj1" */ = {
			isa = XCConfigurationList;
			buildConfigurations = (
				A4AC469A15655A15003A68F1 /* Debug */,
				A4AC469B15655A15003A68F1 /* Release */,
			);
			defaultConfigurationIsVisible = 0;
			defaultConfigurationName = Release;
		};
		A4AC469C15655A15003A68F1 /* Build configuration list for PBXNativeTarget "TestProj1" */ = {
			isa = XCConfigurationList;
			buildConfigurations = (
				A4AC469D15655A15003A68F1 /* Debug */,
				A4AC469E15655A15003A68F1 /* Release */,
			);
			defaultConfigurationIsVisible = 0;
		};
/* End XCConfigurationList section */
	};
	rootObject = A4AC468915655A14003A68F1 /* Project object */;
}
